
Microsoft Visual Studio Solution File, Format Version 12.00
# Visual Studio 15
VisualStudioVersion = 15.0.28010.2019
MinimumVisualStudioVersion = 10.0.40219.1
Project("{FAE04EC0-301F-11D3-BF4B-00C04F79EFBC}") = "Chronos", "Chronos\Chronos.csproj", "{C11AA813-5A1E-495A-B073-D2C3FF37924B}"
EndProject
Global
	GlobalSection(SolutionConfigurationPlatforms) = preSolution
		Debug|Any CPU = Debug|Any CPU
		Release|Any CPU = Release|Any CPU
	EndGlobalSection
	GlobalSection(ProjectConfigurationPlatforms) = postSolution
		{C11AA813-5A1E-495A-B073-D2C3FF37924B}.Debug|Any CPU.ActiveCfg = Debug|Any CPU
		{C11AA813-5A1E-495A-B073-D2C3FF37924B}.Debug|Any CPU.Build.0 = Debug|Any CPU
		{C11AA813-5A1E-495A-B073-D2C3FF37924B}.Release|Any CPU.ActiveCfg = Release|Any CPU
		{C11AA813-5A1E-495A-B073-D2C3FF37924B}.Release|Any CPU.Build.0 = Release|Any CPU
	EndGlobalSection
	GlobalSection(SolutionProperties) = preSolution
		HideSolutionNode = FALSE
	EndGlobalSection
	GlobalSection(ExtensibilityGlobals) = postSolution
		SolutionGuid = {384632BB-9450-4406-A60A-FFBF4922A167}
	EndGlobalSection
EndGlobal
